{
  "name": "SMRPOmarduk",
  "lockfileVersion": 3,
  "requires": true,
  "packages": {
    "": {
      "dependencies": {
        "file-saver": "^2.0.5",
        "go-try": "^2.0.2"
      },
      "devDependencies": {
        "@types/file-saver": "^2.0.5"
      }
    },
    "node_modules/@types/file-saver": {
      "version": "2.0.5",
      "resolved": "https://registry.npmjs.org/@types/file-saver/-/file-saver-2.0.5.tgz",
      "integrity": "sha512-zv9kNf3keYegP5oThGLaPk8E081DFDuwfqjtiTzm6PoxChdJ1raSuADf2YGCVIyrSynLrgc8JWv296s7Q7pQSQ==",
      "dev": true
    },
    "node_modules/file-saver": {
      "version": "2.0.5",
      "resolved": "https://registry.npmjs.org/file-saver/-/file-saver-2.0.5.tgz",
      "integrity": "sha512-P9bmyZ3h/PRG+Nzga+rbdI4OEpNDzAVyy74uVO9ATgzLK6VtAsYybF/+TOCvrc0MO793d6+42lLyZTw7/ArVzA=="
    },
    "node_modules/go-try": {
      "version": "2.0.2",
      "resolved": "https://registry.npmjs.org/go-try/-/go-try-2.0.2.tgz",
      "integrity": "sha512-fWfDevy0V6y/FetS0EKPiq7T+FcK5Guww9ZKbc2vnZH2S77O8pq/S/6PRScQIT3yR2DIFt6cGuyFhXFN14kBbA==",
      "engines": {
        "node": ">=10"
      }
    }
  }
}
